
Microsoft Visual Studio Solution File, Format Version 12.00
# Visual Studio Version 17
VisualStudioVersion = 17.1.32421.90
MinimumVisualStudioVersion = 10.0.40219.1
Project("{FAE04EC0-301F-11D3-BF4B-00C04F79EFBC}") = "Ödev2", "Ödev2\Ödev2.csproj", "{72A4804C-84AA-4683-898A-0F64C32CF7A6}"
EndProject
Global
	GlobalSection(SolutionConfigurationPlatforms) = preSolution
		Debug|Any CPU = Debug|Any CPU
		Release|Any CPU = Release|Any CPU
	EndGlobalSection
	GlobalSection(ProjectConfigurationPlatforms) = postSolution
		{72A4804C-84AA-4683-898A-0F64C32CF7A6}.Debug|Any CPU.ActiveCfg = Debug|Any CPU
		{72A4804C-84AA-4683-898A-0F64C32CF7A6}.Debug|Any CPU.Build.0 = Debug|Any CPU
		{72A4804C-84AA-4683-898A-0F64C32CF7A6}.Release|Any CPU.ActiveCfg = Release|Any CPU
		{72A4804C-84AA-4683-898A-0F64C32CF7A6}.Release|Any CPU.Build.0 = Release|Any CPU
	EndGlobalSection
	GlobalSection(SolutionProperties) = preSolution
		HideSolutionNode = FALSE
	EndGlobalSection
	GlobalSection(ExtensibilityGlobals) = postSolution
		SolutionGuid = {7D3DDDCD-D7BC-4FD2-A25C-91338937C081}
	EndGlobalSection
EndGlobal
